lockfileVersion: '9.0'

settings:
  autoInstallPeers: true
  excludeLinksFromLockfile: false

importers:

  .:
    dependencies:
      astal:
        specifier: link:/usr/share/astal/gjs
        version: link:../../usr/share/astal/gjs
    devDependencies:
      typescript:
        specifier: ^5.8.3
        version: 5.8.3

  core: {}

  gtk3:
    dependencies:
      ~lib:
        specifier: workspace:@akir-shell/lib@^
        version: link:../core

  src/gtk3:
    dependencies:
      ~gtk3:
        specifier: workspace:@akir-shell/gtk3@^
        version: link:../../gtk3
      ~lib:
        specifier: workspace:@akir-shell/lib@^
        version: link:../../core

  src/gtk4:
    dependencies:
      ~lib:
        specifier: workspace:@akir-shell/lib@^
        version: link:../../core

packages:

  typescript@5.8.3:
    resolution: {integrity: sha512-p1diW6TqL9L07nNxvRMM7hMMw4c5XOo/1ibL4aAIGmSAt9slTE1Xgw5KWuof2uTOvCg9BY7ZRi+GaF+7sfgPeQ==}
    engines: {node: '>=14.17'}
    hasBin: true

snapshots:

  typescript@5.8.3: {}
